
Microsoft Visual Studio Solution File, Format Version 12.00
# Visual Studio 2012
Project("{FAE04EC0-301F-11D3-BF4B-00C04F79EFBC}") = "WebSocketX", "WebSocketTest\WebSocketX.csproj", "{CDF157F4-8B19-4F4D-ABC5-1FA7B2289D5B}"
EndProject
Project("{FAE04EC0-301F-11D3-BF4B-00C04F79EFBC}") = "WebSocketXUnitTest", "WebSocketXUnitTest\WebSocketXUnitTest.csproj", "{7EB0A158-D721-42B3-ADB0-62B173F2A975}"
EndProject
Project("{FAE04EC0-301F-11D3-BF4B-00C04F79EFBC}") = "TryMe", "TryMe\TryMe.csproj", "{C84017F1-3D39-4945-BFA4-520247E69880}"
EndProject
Global
	GlobalSection(SolutionConfigurationPlatforms) = preSolution
		Debug|Any CPU = Debug|Any CPU
		Release|Any CPU = Release|Any CPU
	EndGlobalSection
	GlobalSection(ProjectConfigurationPlatforms) = postSolution
		{CDF157F4-8B19-4F4D-ABC5-1FA7B2289D5B}.Debug|Any CPU.ActiveCfg = Debug|Any CPU
		{CDF157F4-8B19-4F4D-ABC5-1FA7B2289D5B}.Debug|Any CPU.Build.0 = Debug|Any CPU
		{CDF157F4-8B19-4F4D-ABC5-1FA7B2289D5B}.Release|Any CPU.ActiveCfg = Release|Any CPU
		{CDF157F4-8B19-4F4D-ABC5-1FA7B2289D5B}.Release|Any CPU.Build.0 = Release|Any CPU
		{7EB0A158-D721-42B3-ADB0-62B173F2A975}.Debug|Any CPU.ActiveCfg = Debug|Any CPU
		{7EB0A158-D721-42B3-ADB0-62B173F2A975}.Debug|Any CPU.Build.0 = Debug|Any CPU
		{7EB0A158-D721-42B3-ADB0-62B173F2A975}.Release|Any CPU.ActiveCfg = Release|Any CPU
		{7EB0A158-D721-42B3-ADB0-62B173F2A975}.Release|Any CPU.Build.0 = Release|Any CPU
		{C84017F1-3D39-4945-BFA4-520247E69880}.Debug|Any CPU.ActiveCfg = Debug|Any CPU
		{C84017F1-3D39-4945-BFA4-520247E69880}.Debug|Any CPU.Build.0 = Debug|Any CPU
		{C84017F1-3D39-4945-BFA4-520247E69880}.Release|Any CPU.ActiveCfg = Release|Any CPU
		{C84017F1-3D39-4945-BFA4-520247E69880}.Release|Any CPU.Build.0 = Release|Any CPU
	EndGlobalSection
EndGlobal
