Microsoft Visual Studio Solution File, Format Version 12.00
# Visual Studio Version 16
VisualStudioVersion = 16.0.31005.135
MinimumVisualStudioVersion = 10.0.40219.1
Project("{9A19103F-16F7-4668-BE54-9A1E7A4F7556}") = "CryptoTools", "..\mylibs\CryptoTools\CryptoTools.csproj", "{EEE5147F-C933-4305-8579-E6350990452D}"
EndProject
Project("{9A19103F-16F7-4668-BE54-9A1E7A4F7556}") = "CryptoConsole", "..\CryptoConsole\CryptoConsole.csproj", "{BC556A83-59D4-4278-8801-5B21E6CF2206}"
EndProject
Project("{9A19103F-16F7-4668-BE54-9A1E7A4F7556}") = "CryptoCollector", "..\CryptoCollector\CryptoCollector.csproj", "{1A22CEFD-F3C2-4DFF-9BA2-CCA4106934B8}"
EndProject
Project("{9A19103F-16F7-4668-BE54-9A1E7A4F7556}") = "CryptoAnalysis", "..\CryptoAnalysis\CryptoAnalysis.csproj", "{944A7F27-C270-41D4-A7CE-899C93D78DEB}"
EndProject
Project("{9A19103F-16F7-4668-BE54-9A1E7A4F7556}") = "CryptoBank", "..\CryptoBank\CryptoBank.csproj", "{73CF14DA-9DAC-4B76-98DA-1400FADF10A0}"
EndProject
Project("{9A19103F-16F7-4668-BE54-9A1E7A4F7556}") = "CryptoTrader", "..\CryptoTrader\CryptoTrader.csproj", "{E5E77459-390D-468F-907D-051879933D77}"
EndProject
Project("{9A19103F-16F7-4668-BE54-9A1E7A4F7556}") = "CryptoAggregator", "..\CryptoAggregator\CryptoAggregator.csproj", "{4B97B9DC-297D-4AE8-B956-E14551F2C971}"
EndProject
Project("{9A19103F-16F7-4668-BE54-9A1E7A4F7556}") = "CryptoApis", "..\mylibs\CryptoApis\CryptoApis.csproj", "{0AC8F8C3-6042-47F3-B921-B13200F7475F}"
EndProject
Project("{9A19103F-16F7-4668-BE54-9A1E7A4F7556}") = "IQFeed", "..\PrimeTrader\IQFeed\IQFeed.csproj", "{252720D6-1452-493D-9D72-B033DCEA59C6}"
EndProject
Project("{9A19103F-16F7-4668-BE54-9A1E7A4F7556}") = "Tools", "..\mylibs\Tools\Tools.csproj", "{25849F0D-B78F-48B7-B6F0-D83A75E31553}"
EndProject
Project("{FAE04EC0-301F-11D3-BF4B-00C04F79EFBC}") = "CryptoDataVacuum", "CryptoDataVacuum\CryptoDataVacuum.csproj", "{464F3940-14D5-46E7-A5D7-EB68B0D0717D}"
EndProject
Global
	GlobalSection(SolutionConfigurationPlatforms) = preSolution
		Debug|Any CPU = Debug|Any CPU
		Debug|x64 = Debug|x64
		Debug|x86 = Debug|x86
		Release|Any CPU = Release|Any CPU
		Release|x64 = Release|x64
		Release|x86 = Release|x86
	EndGlobalSection
	GlobalSection(ProjectConfigurationPlatforms) = postSolution
		{EEE5147F-C933-4305-8579-E6350990452D}.Debug|Any CPU.ActiveCfg = Debug|Any CPU
		{EEE5147F-C933-4305-8579-E6350990452D}.Debug|Any CPU.Build.0 = Debug|Any CPU
		{EEE5147F-C933-4305-8579-E6350990452D}.Debug|x64.ActiveCfg = Debug|Any CPU
		{EEE5147F-C933-4305-8579-E6350990452D}.Debug|x64.Build.0 = Debug|Any CPU
		{EEE5147F-C933-4305-8579-E6350990452D}.Debug|x86.ActiveCfg = Debug|Any CPU
		{EEE5147F-C933-4305-8579-E6350990452D}.Debug|x86.Build.0 = Debug|Any CPU
		{EEE5147F-C933-4305-8579-E6350990452D}.Release|Any CPU.ActiveCfg = Release|Any CPU
		{EEE5147F-C933-4305-8579-E6350990452D}.Release|Any CPU.Build.0 = Release|Any CPU
		{EEE5147F-C933-4305-8579-E6350990452D}.Release|x64.ActiveCfg = Release|Any CPU
		{EEE5147F-C933-4305-8579-E6350990452D}.Release|x64.Build.0 = Release|Any CPU
		{EEE5147F-C933-4305-8579-E6350990452D}.Release|x86.ActiveCfg = Release|Any CPU
		{EEE5147F-C933-4305-8579-E6350990452D}.Release|x86.Build.0 = Release|Any CPU
		{BC556A83-59D4-4278-8801-5B21E6CF2206}.Debug|Any CPU.ActiveCfg = Debug|Any CPU
		{BC556A83-59D4-4278-8801-5B21E6CF2206}.Debug|Any CPU.Build.0 = Debug|Any CPU
		{BC556A83-59D4-4278-8801-5B21E6CF2206}.Debug|x64.ActiveCfg = Debug|Any CPU
		{BC556A83-59D4-4278-8801-5B21E6CF2206}.Debug|x64.Build.0 = Debug|Any CPU
		{BC556A83-59D4-4278-8801-5B21E6CF2206}.Debug|x86.ActiveCfg = Debug|Any CPU
		{BC556A83-59D4-4278-8801-5B21E6CF2206}.Debug|x86.Build.0 = Debug|Any CPU
		{BC556A83-59D4-4278-8801-5B21E6CF2206}.Release|Any CPU.ActiveCfg = Release|Any CPU
		{BC556A83-59D4-4278-8801-5B21E6CF2206}.Release|Any CPU.Build.0 = Release|Any CPU
		{BC556A83-59D4-4278-8801-5B21E6CF2206}.Release|x64.ActiveCfg = Release|Any CPU
		{BC556A83-59D4-4278-8801-5B21E6CF2206}.Release|x64.Build.0 = Release|Any CPU
		{BC556A83-59D4-4278-8801-5B21E6CF2206}.Release|x86.ActiveCfg = Release|Any CPU
		{BC556A83-59D4-4278-8801-5B21E6CF2206}.Release|x86.Build.0 = Release|Any CPU
		{1A22CEFD-F3C2-4DFF-9BA2-CCA4106934B8}.Debug|Any CPU.ActiveCfg = Debug|Any CPU
		{1A22CEFD-F3C2-4DFF-9BA2-CCA4106934B8}.Debug|Any CPU.Build.0 = Debug|Any CPU
		{1A22CEFD-F3C2-4DFF-9BA2-CCA4106934B8}.Debug|x64.ActiveCfg = Debug|Any CPU
		{1A22CEFD-F3C2-4DFF-9BA2-CCA4106934B8}.Debug|x64.Build.0 = Debug|Any CPU
		{1A22CEFD-F3C2-4DFF-9BA2-CCA4106934B8}.Debug|x86.ActiveCfg = Debug|Any CPU
		{1A22CEFD-F3C2-4DFF-9BA2-CCA4106934B8}.Debug|x86.Build.0 = Debug|Any CPU
		{1A22CEFD-F3C2-4DFF-9BA2-CCA4106934B8}.Release|Any CPU.ActiveCfg = Release|Any CPU
		{1A22CEFD-F3C2-4DFF-9BA2-CCA4106934B8}.Release|Any CPU.Build.0 = Release|Any CPU
		{1A22CEFD-F3C2-4DFF-9BA2-CCA4106934B8}.Release|x64.ActiveCfg = Release|Any CPU
		{1A22CEFD-F3C2-4DFF-9BA2-CCA4106934B8}.Release|x64.Build.0 = Release|Any CPU
		{1A22CEFD-F3C2-4DFF-9BA2-CCA4106934B8}.Release|x86.ActiveCfg = Release|Any CPU
		{1A22CEFD-F3C2-4DFF-9BA2-CCA4106934B8}.Release|x86.Build.0 = Release|Any CPU
		{944A7F27-C270-41D4-A7CE-899C93D78DEB}.Debug|Any CPU.ActiveCfg = Debug|Any CPU
		{944A7F27-C270-41D4-A7CE-899C93D78DEB}.Debug|Any CPU.Build.0 = Debug|Any CPU
		{944A7F27-C270-41D4-A7CE-899C93D78DEB}.Debug|x64.ActiveCfg = Debug|Any CPU
		{944A7F27-C270-41D4-A7CE-899C93D78DEB}.Debug|x64.Build.0 = Debug|Any CPU
		{944A7F27-C270-41D4-A7CE-899C93D78DEB}.Debug|x86.ActiveCfg = Debug|Any CPU
		{944A7F27-C270-41D4-A7CE-899C93D78DEB}.Debug|x86.Build.0 = Debug|Any CPU
		{944A7F27-C270-41D4-A7CE-899C93D78DEB}.Release|Any CPU.ActiveCfg = Release|Any CPU
		{944A7F27-C270-41D4-A7CE-899C93D78DEB}.Release|Any CPU.Build.0 = Release|Any CPU
		{944A7F27-C270-41D4-A7CE-899C93D78DEB}.Release|x64.ActiveCfg = Release|Any CPU
		{944A7F27-C270-41D4-A7CE-899C93D78DEB}.Release|x64.Build.0 = Release|Any CPU
		{944A7F27-C270-41D4-A7CE-899C93D78DEB}.Release|x86.ActiveCfg = Release|Any CPU
		{944A7F27-C270-41D4-A7CE-899C93D78DEB}.Release|x86.Build.0 = Release|Any CPU
		{73CF14DA-9DAC-4B76-98DA-1400FADF10A0}.Debug|Any CPU.ActiveCfg = Debug|Any CPU
		{73CF14DA-9DAC-4B76-98DA-1400FADF10A0}.Debug|Any CPU.Build.0 = Debug|Any CPU
		{73CF14DA-9DAC-4B76-98DA-1400FADF10A0}.Debug|x64.ActiveCfg = Debug|Any CPU
		{73CF14DA-9DAC-4B76-98DA-1400FADF10A0}.Debug|x64.Build.0 = Debug|Any CPU
		{73CF14DA-9DAC-4B76-98DA-1400FADF10A0}.Debug|x86.ActiveCfg = Debug|Any CPU
		{73CF14DA-9DAC-4B76-98DA-1400FADF10A0}.Debug|x86.Build.0 = Debug|Any CPU
		{73CF14DA-9DAC-4B76-98DA-1400FADF10A0}.Release|Any CPU.ActiveCfg = Release|Any CPU
		{73CF14DA-9DAC-4B76-98DA-1400FADF10A0}.Release|Any CPU.Build.0 = Release|Any CPU
		{73CF14DA-9DAC-4B76-98DA-1400FADF10A0}.Release|x64.ActiveCfg = Release|Any CPU
		{73CF14DA-9DAC-4B76-98DA-1400FADF10A0}.Release|x64.Build.0 = Release|Any CPU
		{73CF14DA-9DAC-4B76-98DA-1400FADF10A0}.Release|x86.ActiveCfg = Release|Any CPU
		{73CF14DA-9DAC-4B76-98DA-1400FADF10A0}.Release|x86.Build.0 = Release|Any CPU
		{E5E77459-390D-468F-907D-051879933D77}.Debug|Any CPU.ActiveCfg = Debug|Any CPU
		{E5E77459-390D-468F-907D-051879933D77}.Debug|Any CPU.Build.0 = Debug|Any CPU
		{E5E77459-390D-468F-907D-051879933D77}.Debug|x64.ActiveCfg = Debug|Any CPU
		{E5E77459-390D-468F-907D-051879933D77}.Debug|x64.Build.0 = Debug|Any CPU
		{E5E77459-390D-468F-907D-051879933D77}.Debug|x86.ActiveCfg = Debug|Any CPU
		{E5E77459-390D-468F-907D-051879933D77}.Debug|x86.Build.0 = Debug|Any CPU
		{E5E77459-390D-468F-907D-051879933D77}.Release|Any CPU.ActiveCfg = Release|Any CPU
		{E5E77459-390D-468F-907D-051879933D77}.Release|Any CPU.Build.0 = Release|Any CPU
		{E5E77459-390D-468F-907D-051879933D77}.Release|x64.ActiveCfg = Release|Any CPU
		{E5E77459-390D-468F-907D-051879933D77}.Release|x64.Build.0 = Release|Any CPU
		{E5E77459-390D-468F-907D-051879933D77}.Release|x86.ActiveCfg = Release|Any CPU
		{E5E77459-390D-468F-907D-051879933D77}.Release|x86.Build.0 = Release|Any CPU
		{4B97B9DC-297D-4AE8-B956-E14551F2C971}.Debug|Any CPU.ActiveCfg = Debug|Any CPU
		{4B97B9DC-297D-4AE8-B956-E14551F2C971}.Debug|Any CPU.Build.0 = Debug|Any CPU
		{4B97B9DC-297D-4AE8-B956-E14551F2C971}.Debug|x64.ActiveCfg = Debug|Any CPU
		{4B97B9DC-297D-4AE8-B956-E14551F2C971}.Debug|x64.Build.0 = Debug|Any CPU
		{4B97B9DC-297D-4AE8-B956-E14551F2C971}.Debug|x86.ActiveCfg = Debug|Any CPU
		{4B97B9DC-297D-4AE8-B956-E14551F2C971}.Debug|x86.Build.0 = Debug|Any CPU
		{4B97B9DC-297D-4AE8-B956-E14551F2C971}.Release|Any CPU.ActiveCfg = Release|Any CPU
		{4B97B9DC-297D-4AE8-B956-E14551F2C971}.Release|Any CPU.Build.0 = Release|Any CPU
		{4B97B9DC-297D-4AE8-B956-E14551F2C971}.Release|x64.ActiveCfg = Release|Any CPU
		{4B97B9DC-297D-4AE8-B956-E14551F2C971}.Release|x64.Build.0 = Release|Any CPU
		{4B97B9DC-297D-4AE8-B956-E14551F2C971}.Release|x86.ActiveCfg = Release|Any CPU
		{4B97B9DC-297D-4AE8-B956-E14551F2C971}.Release|x86.Build.0 = Release|Any CPU
		{0AC8F8C3-6042-47F3-B921-B13200F7475F}.Debug|Any CPU.ActiveCfg = Debug|Any CPU
		{0AC8F8C3-6042-47F3-B921-B13200F7475F}.Debug|Any CPU.Build.0 = Debug|Any CPU
		{0AC8F8C3-6042-47F3-B921-B13200F7475F}.Debug|x64.ActiveCfg = Debug|Any CPU
		{0AC8F8C3-6042-47F3-B921-B13200F7475F}.Debug|x64.Build.0 = Debug|Any CPU
		{0AC8F8C3-6042-47F3-B921-B13200F7475F}.Debug|x86.ActiveCfg = Debug|Any CPU
		{0AC8F8C3-6042-47F3-B921-B13200F7475F}.Debug|x86.Build.0 = Debug|Any CPU
		{0AC8F8C3-6042-47F3-B921-B13200F7475F}.Release|Any CPU.ActiveCfg = Release|Any CPU
		{0AC8F8C3-6042-47F3-B921-B13200F7475F}.Release|Any CPU.Build.0 = Release|Any CPU
		{0AC8F8C3-6042-47F3-B921-B13200F7475F}.Release|x64.ActiveCfg = Release|Any CPU
		{0AC8F8C3-6042-47F3-B921-B13200F7475F}.Release|x64.Build.0 = Release|Any CPU
		{0AC8F8C3-6042-47F3-B921-B13200F7475F}.Release|x86.ActiveCfg = Release|Any CPU
		{0AC8F8C3-6042-47F3-B921-B13200F7475F}.Release|x86.Build.0 = Release|Any CPU
		{252720D6-1452-493D-9D72-B033DCEA59C6}.Debug|Any CPU.ActiveCfg = Debug|Any CPU
		{252720D6-1452-493D-9D72-B033DCEA59C6}.Debug|Any CPU.Build.0 = Debug|Any CPU
		{252720D6-1452-493D-9D72-B033DCEA59C6}.Debug|x64.ActiveCfg = Debug|Any CPU
		{252720D6-1452-493D-9D72-B033DCEA59C6}.Debug|x64.Build.0 = Debug|Any CPU
		{252720D6-1452-493D-9D72-B033DCEA59C6}.Debug|x86.ActiveCfg = Debug|Any CPU
		{252720D6-1452-493D-9D72-B033DCEA59C6}.Debug|x86.Build.0 = Debug|Any CPU
		{252720D6-1452-493D-9D72-B033DCEA59C6}.Release|Any CPU.ActiveCfg = Release|Any CPU
		{252720D6-1452-493D-9D72-B033DCEA59C6}.Release|Any CPU.Build.0 = Release|Any CPU
		{252720D6-1452-493D-9D72-B033DCEA59C6}.Release|x64.ActiveCfg = Release|Any CPU
		{252720D6-1452-493D-9D72-B033DCEA59C6}.Release|x64.Build.0 = Release|Any CPU
		{252720D6-1452-493D-9D72-B033DCEA59C6}.Release|x86.ActiveCfg = Release|Any CPU
		{252720D6-1452-493D-9D72-B033DCEA59C6}.Release|x86.Build.0 = Release|Any CPU
		{25849F0D-B78F-48B7-B6F0-D83A75E31553}.Debug|Any CPU.ActiveCfg = Debug|Any CPU
		{25849F0D-B78F-48B7-B6F0-D83A75E31553}.Debug|Any CPU.Build.0 = Debug|Any CPU
		{25849F0D-B78F-48B7-B6F0-D83A75E31553}.Debug|x64.ActiveCfg = Debug|Any CPU
		{25849F0D-B78F-48B7-B6F0-D83A75E31553}.Debug|x64.Build.0 = Debug|Any CPU
		{25849F0D-B78F-48B7-B6F0-D83A75E31553}.Debug|x86.ActiveCfg = Debug|Any CPU
		{25849F0D-B78F-48B7-B6F0-D83A75E31553}.Debug|x86.Build.0 = Debug|Any CPU
		{25849F0D-B78F-48B7-B6F0-D83A75E31553}.Release|Any CPU.ActiveCfg = Release|Any CPU
		{25849F0D-B78F-48B7-B6F0-D83A75E31553}.Release|Any CPU.Build.0 = Release|Any CPU
		{25849F0D-B78F-48B7-B6F0-D83A75E31553}.Release|x64.ActiveCfg = Release|Any CPU
		{25849F0D-B78F-48B7-B6F0-D83A75E31553}.Release|x64.Build.0 = Release|Any CPU
		{25849F0D-B78F-48B7-B6F0-D83A75E31553}.Release|x86.ActiveCfg = Release|Any CPU
		{25849F0D-B78F-48B7-B6F0-D83A75E31553}.Release|x86.Build.0 = Release|Any CPU
		{464F3940-14D5-46E7-A5D7-EB68B0D0717D}.Debug|Any CPU.ActiveCfg = Debug|Any CPU
		{464F3940-14D5-46E7-A5D7-EB68B0D0717D}.Debug|Any CPU.Build.0 = Debug|Any CPU
		{464F3940-14D5-46E7-A5D7-EB68B0D0717D}.Debug|x64.ActiveCfg = Debug|Any CPU
		{464F3940-14D5-46E7-A5D7-EB68B0D0717D}.Debug|x64.Build.0 = Debug|Any CPU
		{464F3940-14D5-46E7-A5D7-EB68B0D0717D}.Debug|x86.ActiveCfg = Debug|Any CPU
		{464F3940-14D5-46E7-A5D7-EB68B0D0717D}.Debug|x86.Build.0 = Debug|Any CPU
		{464F3940-14D5-46E7-A5D7-EB68B0D0717D}.Release|Any CPU.ActiveCfg = Release|Any CPU
		{464F3940-14D5-46E7-A5D7-EB68B0D0717D}.Release|Any CPU.Build.0 = Release|Any CPU
		{464F3940-14D5-46E7-A5D7-EB68B0D0717D}.Release|x64.ActiveCfg = Release|Any CPU
		{464F3940-14D5-46E7-A5D7-EB68B0D0717D}.Release|x64.Build.0 = Release|Any CPU
		{464F3940-14D5-46E7-A5D7-EB68B0D0717D}.Release|x86.ActiveCfg = Release|Any CPU
		{464F3940-14D5-46E7-A5D7-EB68B0D0717D}.Release|x86.Build.0 = Release|Any CPU
	EndGlobalSection
	GlobalSection(SolutionProperties) = preSolution
		HideSolutionNode = FALSE
	EndGlobalSection
	GlobalSection(ExtensibilityGlobals) = postSolution
		SolutionGuid = {E06AB8E1-8FC9-46FA-9337-DCDDE8B654A4}
	EndGlobalSection
EndGlobal
