
Microsoft Visual Studio Solution File, Format Version 12.00
# Visual Studio 15
VisualStudioVersion = 15.0.27130.2036
MinimumVisualStudioVersion = 10.0.40219.1
Project("{FAE04EC0-301F-11D3-BF4B-00C04F79EFBC}") = "CryptoWindows", "CryptoWindows\CryptoWindows.csproj", "{832CC381-185F-4939-B735-82F90346197B}"
EndProject
Project("{9A19103F-16F7-4668-BE54-9A1E7A4F7556}") = "CryptoTools", "..\mylibs\CryptoTools\CryptoTools.csproj", "{F42C83D4-1AE8-4B00-B4F7-E75168B92DA2}"
EndProject
Project("{9A19103F-16F7-4668-BE54-9A1E7A4F7556}") = "CryptoAPIs", "..\mylibs\CryptoAPIs\CryptoAPIs.csproj", "{79D464D6-21EC-499A-AF18-5606B3F300AF}"
EndProject
Global
	GlobalSection(SolutionConfigurationPlatforms) = preSolution
		Debug|Any CPU = Debug|Any CPU
		Release|Any CPU = Release|Any CPU
	EndGlobalSection
	GlobalSection(ProjectConfigurationPlatforms) = postSolution
		{832CC381-185F-4939-B735-82F90346197B}.Debug|Any CPU.ActiveCfg = Debug|Any CPU
		{832CC381-185F-4939-B735-82F90346197B}.Debug|Any CPU.Build.0 = Debug|Any CPU
		{832CC381-185F-4939-B735-82F90346197B}.Release|Any CPU.ActiveCfg = Release|Any CPU
		{832CC381-185F-4939-B735-82F90346197B}.Release|Any CPU.Build.0 = Release|Any CPU
		{F42C83D4-1AE8-4B00-B4F7-E75168B92DA2}.Debug|Any CPU.ActiveCfg = Debug|Any CPU
		{F42C83D4-1AE8-4B00-B4F7-E75168B92DA2}.Debug|Any CPU.Build.0 = Debug|Any CPU
		{F42C83D4-1AE8-4B00-B4F7-E75168B92DA2}.Release|Any CPU.ActiveCfg = Release|Any CPU
		{F42C83D4-1AE8-4B00-B4F7-E75168B92DA2}.Release|Any CPU.Build.0 = Release|Any CPU
		{79D464D6-21EC-499A-AF18-5606B3F300AF}.Debug|Any CPU.ActiveCfg = Debug|Any CPU
		{79D464D6-21EC-499A-AF18-5606B3F300AF}.Debug|Any CPU.Build.0 = Debug|Any CPU
		{79D464D6-21EC-499A-AF18-5606B3F300AF}.Release|Any CPU.ActiveCfg = Release|Any CPU
		{79D464D6-21EC-499A-AF18-5606B3F300AF}.Release|Any CPU.Build.0 = Release|Any CPU
	EndGlobalSection
	GlobalSection(SolutionProperties) = preSolution
		HideSolutionNode = FALSE
	EndGlobalSection
	GlobalSection(ExtensibilityGlobals) = postSolution
		SolutionGuid = {19747260-8BF5-4E39-9562-0FB979068EAA}
	EndGlobalSection
EndGlobal
