
Microsoft Visual Studio Solution File, Format Version 12.00
# Visual Studio 15
VisualStudioVersion = 15.0.27004.2006
MinimumVisualStudioVersion = 10.0.40219.1
Project("{FAE04EC0-301F-11D3-BF4B-00C04F79EFBC}") = "ZmqTest", "ZmqTest\ZmqTest.csproj", "{C0981CE6-B315-4998-97C4-194FD93F933E}"
EndProject
Project("{FAE04EC0-301F-11D3-BF4B-00C04F79EFBC}") = "Tools", "..\..\mylibs\Tools\Tools.csproj", "{25849F0D-B78F-48B7-B6F0-D83A75E31553}"
EndProject
Global
	GlobalSection(SolutionConfigurationPlatforms) = preSolution
		Debug|Any CPU = Debug|Any CPU
		Debug|x64 = Debug|x64
		Debug|x86 = Debug|x86
		Release|Any CPU = Release|Any CPU
		Release|x64 = Release|x64
		Release|x86 = Release|x86
	EndGlobalSection
	GlobalSection(ProjectConfigurationPlatforms) = postSolution
		{C0981CE6-B315-4998-97C4-194FD93F933E}.Debug|Any CPU.ActiveCfg = Debug|Any CPU
		{C0981CE6-B315-4998-97C4-194FD93F933E}.Debug|Any CPU.Build.0 = Debug|Any CPU
		{C0981CE6-B315-4998-97C4-194FD93F933E}.Debug|x64.ActiveCfg = Debug|Any CPU
		{C0981CE6-B315-4998-97C4-194FD93F933E}.Debug|x64.Build.0 = Debug|Any CPU
		{C0981CE6-B315-4998-97C4-194FD93F933E}.Debug|x86.ActiveCfg = Debug|Any CPU
		{C0981CE6-B315-4998-97C4-194FD93F933E}.Debug|x86.Build.0 = Debug|Any CPU
		{C0981CE6-B315-4998-97C4-194FD93F933E}.Release|Any CPU.ActiveCfg = Release|Any CPU
		{C0981CE6-B315-4998-97C4-194FD93F933E}.Release|Any CPU.Build.0 = Release|Any CPU
		{C0981CE6-B315-4998-97C4-194FD93F933E}.Release|x64.ActiveCfg = Release|Any CPU
		{C0981CE6-B315-4998-97C4-194FD93F933E}.Release|x64.Build.0 = Release|Any CPU
		{C0981CE6-B315-4998-97C4-194FD93F933E}.Release|x86.ActiveCfg = Release|Any CPU
		{C0981CE6-B315-4998-97C4-194FD93F933E}.Release|x86.Build.0 = Release|Any CPU
		{25849F0D-B78F-48B7-B6F0-D83A75E31553}.Debug|Any CPU.ActiveCfg = Debug|Any CPU
		{25849F0D-B78F-48B7-B6F0-D83A75E31553}.Debug|Any CPU.Build.0 = Debug|Any CPU
		{25849F0D-B78F-48B7-B6F0-D83A75E31553}.Debug|x64.ActiveCfg = Debug|x64
		{25849F0D-B78F-48B7-B6F0-D83A75E31553}.Debug|x64.Build.0 = Debug|x64
		{25849F0D-B78F-48B7-B6F0-D83A75E31553}.Debug|x86.ActiveCfg = Debug|x86
		{25849F0D-B78F-48B7-B6F0-D83A75E31553}.Debug|x86.Build.0 = Debug|x86
		{25849F0D-B78F-48B7-B6F0-D83A75E31553}.Release|Any CPU.ActiveCfg = Release|Any CPU
		{25849F0D-B78F-48B7-B6F0-D83A75E31553}.Release|Any CPU.Build.0 = Release|Any CPU
		{25849F0D-B78F-48B7-B6F0-D83A75E31553}.Release|x64.ActiveCfg = Release|x64
		{25849F0D-B78F-48B7-B6F0-D83A75E31553}.Release|x64.Build.0 = Release|x64
		{25849F0D-B78F-48B7-B6F0-D83A75E31553}.Release|x86.ActiveCfg = Release|x86
		{25849F0D-B78F-48B7-B6F0-D83A75E31553}.Release|x86.Build.0 = Release|x86
	EndGlobalSection
	GlobalSection(SolutionProperties) = preSolution
		HideSolutionNode = FALSE
	EndGlobalSection
	GlobalSection(ExtensibilityGlobals) = postSolution
		SolutionGuid = {BE4F387D-6623-4EB7-B9E5-86F1009898D6}
	EndGlobalSection
EndGlobal
