
Microsoft Visual Studio Solution File, Format Version 12.00
# Visual Studio 15
VisualStudioVersion = 15.0.27004.2006
MinimumVisualStudioVersion = 10.0.40219.1
Project("{FAE04EC0-301F-11D3-BF4B-00C04F79EFBC}") = "ToolsCore", "..\mylibs\Tools\ToolsCore.csproj", "{26B236E0-4350-4B0B-9098-CF4259FB51C0}"
EndProject
Project("{FAE04EC0-301F-11D3-BF4B-00C04F79EFBC}") = "PriceServerCore", "PriceServer\PriceServerCore.csproj", "{AD548DA9-7DBD-4447-A1E5-560DC752C163}"
EndProject
Global
	GlobalSection(SolutionConfigurationPlatforms) = preSolution
		Debug|Any CPU = Debug|Any CPU
		Debug|x64 = Debug|x64
		Debug|x86 = Debug|x86
		Release|Any CPU = Release|Any CPU
		Release|x64 = Release|x64
		Release|x86 = Release|x86
	EndGlobalSection
	GlobalSection(ProjectConfigurationPlatforms) = postSolution
		{26B236E0-4350-4B0B-9098-CF4259FB51C0}.Debug|Any CPU.ActiveCfg = Debug|Any CPU
		{26B236E0-4350-4B0B-9098-CF4259FB51C0}.Debug|Any CPU.Build.0 = Debug|Any CPU
		{26B236E0-4350-4B0B-9098-CF4259FB51C0}.Debug|x64.ActiveCfg = Debug|Any CPU
		{26B236E0-4350-4B0B-9098-CF4259FB51C0}.Debug|x64.Build.0 = Debug|Any CPU
		{26B236E0-4350-4B0B-9098-CF4259FB51C0}.Debug|x86.ActiveCfg = Debug|Any CPU
		{26B236E0-4350-4B0B-9098-CF4259FB51C0}.Debug|x86.Build.0 = Debug|Any CPU
		{26B236E0-4350-4B0B-9098-CF4259FB51C0}.Release|Any CPU.ActiveCfg = Release|Any CPU
		{26B236E0-4350-4B0B-9098-CF4259FB51C0}.Release|Any CPU.Build.0 = Release|Any CPU
		{26B236E0-4350-4B0B-9098-CF4259FB51C0}.Release|x64.ActiveCfg = Release|Any CPU
		{26B236E0-4350-4B0B-9098-CF4259FB51C0}.Release|x64.Build.0 = Release|Any CPU
		{26B236E0-4350-4B0B-9098-CF4259FB51C0}.Release|x86.ActiveCfg = Release|Any CPU
		{26B236E0-4350-4B0B-9098-CF4259FB51C0}.Release|x86.Build.0 = Release|Any CPU
		{AD548DA9-7DBD-4447-A1E5-560DC752C163}.Debug|Any CPU.ActiveCfg = Debug|Any CPU
		{AD548DA9-7DBD-4447-A1E5-560DC752C163}.Debug|Any CPU.Build.0 = Debug|Any CPU
		{AD548DA9-7DBD-4447-A1E5-560DC752C163}.Debug|x64.ActiveCfg = Debug|Any CPU
		{AD548DA9-7DBD-4447-A1E5-560DC752C163}.Debug|x64.Build.0 = Debug|Any CPU
		{AD548DA9-7DBD-4447-A1E5-560DC752C163}.Debug|x86.ActiveCfg = Debug|Any CPU
		{AD548DA9-7DBD-4447-A1E5-560DC752C163}.Debug|x86.Build.0 = Debug|Any CPU
		{AD548DA9-7DBD-4447-A1E5-560DC752C163}.Release|Any CPU.ActiveCfg = Release|Any CPU
		{AD548DA9-7DBD-4447-A1E5-560DC752C163}.Release|Any CPU.Build.0 = Release|Any CPU
		{AD548DA9-7DBD-4447-A1E5-560DC752C163}.Release|x64.ActiveCfg = Release|Any CPU
		{AD548DA9-7DBD-4447-A1E5-560DC752C163}.Release|x64.Build.0 = Release|Any CPU
		{AD548DA9-7DBD-4447-A1E5-560DC752C163}.Release|x86.ActiveCfg = Release|Any CPU
		{AD548DA9-7DBD-4447-A1E5-560DC752C163}.Release|x86.Build.0 = Release|Any CPU
	EndGlobalSection
	GlobalSection(SolutionProperties) = preSolution
		HideSolutionNode = FALSE
	EndGlobalSection
	GlobalSection(ExtensibilityGlobals) = postSolution
		SolutionGuid = {73F354D3-DE40-4FA4-8822-C1D367292C9C}
	EndGlobalSection
EndGlobal
